
Microsoft Visual Studio Solution File, Format Version 12.00
# Visual Studio Version 17
VisualStudioVersion = 17.0.31912.275
MinimumVisualStudioVersion = 10.0.40219.1
Project("{FAE04EC0-301F-11D3-BF4B-00C04F79EFBC}") = "WebApp", "WebApp\WebApp.csproj", "{6D724A49-A181-4313-878D-15F56EC811A3}"
EndProject
Global
	GlobalSection(SolutionConfigurationPlatforms) = preSolution
		Debug|Any CPU = Debug|Any CPU
		Release|Any CPU = Release|Any CPU
	EndGlobalSection
	GlobalSection(ProjectConfigurationPlatforms) = postSolution
		{6D724A49-A181-4313-878D-15F56EC811A3}.Debug|Any CPU.ActiveCfg = Debug|Any CPU
		{6D724A49-A181-4313-878D-15F56EC811A3}.Debug|Any CPU.Build.0 = Debug|Any CPU
		{6D724A49-A181-4313-878D-15F56EC811A3}.Release|Any CPU.ActiveCfg = Release|Any CPU
		{6D724A49-A181-4313-878D-15F56EC811A3}.Release|Any CPU.Build.0 = Release|Any CPU
	EndGlobalSection
	GlobalSection(SolutionProperties) = preSolution
		HideSolutionNode = FALSE
	EndGlobalSection
	GlobalSection(ExtensibilityGlobals) = postSolution
		SolutionGuid = {BEE1D704-FE8F-45B1-A585-295CB05273EF}
	EndGlobalSection
EndGlobal
